
Microsoft Visual Studio Solution File, Format Version 12.00
# Visual Studio Version 17
VisualStudioVersion = 17.6.33723.286
MinimumVisualStudioVersion = 10.0.40219.1
Project("{FAE04EC0-301F-11D3-BF4B-00C04F79EFBC}") = "MapProject", "MapProject.csproj", "{A9E74CF1-4EC0-4ACB-8EC0-7C2CEFEFA530}"
EndProject
Global
	GlobalSection(SolutionConfigurationPlatforms) = preSolution
		Debug|Any CPU = Debug|Any CPU
		Release|Any CPU = Release|Any CPU
	EndGlobalSection
	GlobalSection(ProjectConfigurationPlatforms) = postSolution
		{A9E74CF1-4EC0-4ACB-8EC0-7C2CEFEFA530}.Debug|Any CPU.ActiveCfg = Debug|Any CPU
		{A9E74CF1-4EC0-4ACB-8EC0-7C2CEFEFA530}.Debug|Any CPU.Build.0 = Debug|Any CPU
		{A9E74CF1-4EC0-4ACB-8EC0-7C2CEFEFA530}.Release|Any CPU.ActiveCfg = Release|Any CPU
		{A9E74CF1-4EC0-4ACB-8EC0-7C2CEFEFA530}.Release|Any CPU.Build.0 = Release|Any CPU
	EndGlobalSection
	GlobalSection(SolutionProperties) = preSolution
		HideSolutionNode = FALSE
	EndGlobalSection
	GlobalSection(ExtensibilityGlobals) = postSolution
		SolutionGuid = {A4050EFE-9386-43B4-8F5F-4FF5C55FD6A6}
	EndGlobalSection
EndGlobal
